
Microsoft Visual Studio Solution File, Format Version 12.00
# Visual Studio 15
VisualStudioVersion = 15.0.27428.2015
MinimumVisualStudioVersion = 10.0.40219.1
Project("{8BC9CEB8-8B4A-11D0-8D11-00A0C91BC942}") = "ReadIn", "ReadIn.vcxproj", "{0FA2781D-BC4C-47AB-A466-694CE1F4A2FB}"
EndProject
Global
	GlobalSection(SolutionConfigurationPlatforms) = preSolution
		Debug|x64 = Debug|x64
		Debug|x86 = Debug|x86
		Release|x64 = Release|x64
		Release|x86 = Release|x86
	EndGlobalSection
	GlobalSection(ProjectConfigurationPlatforms) = postSolution
		{0FA2781D-BC4C-47AB-A466-694CE1F4A2FB}.Debug|x64.ActiveCfg = Debug|x64
		{0FA2781D-BC4C-47AB-A466-694CE1F4A2FB}.Debug|x64.Build.0 = Debug|x64
		{0FA2781D-BC4C-47AB-A466-694CE1F4A2FB}.Debug|x86.ActiveCfg = Debug|Win32
		{0FA2781D-BC4C-47AB-A466-694CE1F4A2FB}.Debug|x86.Build.0 = Debug|Win32
		{0FA2781D-BC4C-47AB-A466-694CE1F4A2FB}.Release|x64.ActiveCfg = Release|x64
		{0FA2781D-BC4C-47AB-A466-694CE1F4A2FB}.Release|x64.Build.0 = Release|x64
		{0FA2781D-BC4C-47AB-A466-694CE1F4A2FB}.Release|x86.ActiveCfg = Release|Win32
		{0FA2781D-BC4C-47AB-A466-694CE1F4A2FB}.Release|x86.Build.0 = Release|Win32
	EndGlobalSection
	GlobalSection(SolutionProperties) = preSolution
		HideSolutionNode = FALSE
	EndGlobalSection
	GlobalSection(ExtensibilityGlobals) = postSolution
		SolutionGuid = {DD5080CB-2630-4A2A-8B59-A9BFD3E22E24}
	EndGlobalSection
EndGlobal
